
Microsoft Visual Studio Solution File, Format Version 12.00
Project("{9A19103F-16F7-4668-BE54-9A1E7A4F7556}") = "Spaceport", "Spaceport\Spaceport.csproj", "{3DA485CC-B665-41D7-8BF6-376F5DDC14D5}"
EndProject
Global
	GlobalSection(SolutionConfigurationPlatforms) = preSolution
		Debug|Any CPU = Debug|Any CPU
		Release|Any CPU = Release|Any CPU
	EndGlobalSection
	GlobalSection(ProjectConfigurationPlatforms) = postSolution
		{3DA485CC-B665-41D7-8BF6-376F5DDC14D5}.Debug|Any CPU.ActiveCfg = Debug|Any CPU
		{3DA485CC-B665-41D7-8BF6-376F5DDC14D5}.Debug|Any CPU.Build.0 = Debug|Any CPU
		{3DA485CC-B665-41D7-8BF6-376F5DDC14D5}.Release|Any CPU.ActiveCfg = Release|Any CPU
		{3DA485CC-B665-41D7-8BF6-376F5DDC14D5}.Release|Any CPU.Build.0 = Release|Any CPU
	EndGlobalSection
EndGlobal
