
Microsoft Visual Studio Solution File, Format Version 12.00
Project("{9A19103F-16F7-4668-BE54-9A1E7A4F7556}") = "RomanNumerals", "RomanNumerals\RomanNumerals.csproj", "{C703B64D-CF05-4763-8B76-A327680B784A}"
EndProject
Global
	GlobalSection(SolutionConfigurationPlatforms) = preSolution
		Debug|Any CPU = Debug|Any CPU
		Release|Any CPU = Release|Any CPU
	EndGlobalSection
	GlobalSection(ProjectConfigurationPlatforms) = postSolution
		{C703B64D-CF05-4763-8B76-A327680B784A}.Debug|Any CPU.ActiveCfg = Debug|Any CPU
		{C703B64D-CF05-4763-8B76-A327680B784A}.Debug|Any CPU.Build.0 = Debug|Any CPU
		{C703B64D-CF05-4763-8B76-A327680B784A}.Release|Any CPU.ActiveCfg = Release|Any CPU
		{C703B64D-CF05-4763-8B76-A327680B784A}.Release|Any CPU.Build.0 = Release|Any CPU
	EndGlobalSection
EndGlobal
